PODS:
  - AWSAuthCore (2.13.4):
    - AWSCore (= 2.13.4)
  - AWSCognitoIdentityProvider (2.13.4):
    - AWSCognitoIdentityProviderASF (= 1.0.1)
    - AWSCore (= 2.13.4)
  - AWSCognitoIdentityProviderASF (1.0.1)
  - AWSCore (2.13.4)
  - AWSMobileClient (2.13.4):
    - AWSAuthCore (= 2.13.4)
    - AWSCognitoIdentityProvider (= 2.13.4)
  - Flutter (1.0.0)
  - flutter_aws_amplify_cognito (0.0.1):
    - AWSMobileClient (~> 2.13.4)
    - Flutter

DEPENDENCIES:
  - Flutter (from `Flutter`)
  - flutter_aws_amplify_cognito (from `.symlinks/plugins/flutter_aws_amplify_cognito/ios`)

SPEC REPOS:
  trunk:
    - AWSAuthCore
    - AWSCognitoIdentityProvider
    - AWSCognitoIdentityProviderASF
    - AWSCore
    - AWSMobileClient

EXTERNAL SOURCES:
  Flutter:
    :path: Flutter
  flutter_aws_amplify_cognito:
    :path: ".symlinks/plugins/flutter_aws_amplify_cognito/ios"

SPEC CHECKSUMS:
  AWSAuthCore: 72b4bd064c28985ea5345c62759632d511de342a
  AWSCognitoIdentityProvider: a2d1d2857316519c018c03ac8205cf78154db5c0
  AWSCognitoIdentityProviderASF: f94f1a502e72ef3d0a1de93e10bf7a79c8698118
  AWSCore: 06beea22b6bdbfe9f5ab5015c6901e8475c746a8
  AWSMobileClient: 33ecce524fbc011d543dae8306ca29a43ecb72e5
  Flutter: 0e3d915762c693b495b44d77113d4970485de6ec
  flutter_aws_amplify_cognito: 47b9725ecad9d8748986ee1b339ca9fdbc8c281b

PODFILE CHECKSUM: 9ec0b926d741f3b13993aceabf2687bc78d2468b

COCOAPODS: 1.8.4
